
Microsoft Visual Studio Solution File, Format Version 12.00
# Visual Studio Version 16
VisualStudioVersion = 16.0.29409.12
MinimumVisualStudioVersion = 10.0.40219.1
Project("{FAE04EC0-301F-11D3-BF4B-00C04F79EFBC}") = "zebra-bluetooth.Android", "zebra-bluetooth\zebra-bluetooth.Android\zebra-bluetooth.Android.csproj", "{1C67390A-D839-439B-A09B-CD117D98AA24}"
EndProject
Project("{FAE04EC0-301F-11D3-BF4B-00C04F79EFBC}") = "zebra-bluetooth.iOS", "zebra-bluetooth\zebra-bluetooth.iOS\zebra-bluetooth.iOS.csproj", "{140AF650-81B1-48A1-86B6-98CDBFF073A8}"
EndProject
Project("{FAE04EC0-301F-11D3-BF4B-00C04F79EFBC}") = "zebra-bluetooth", "zebra-bluetooth\zebra-bluetooth\zebra-bluetooth.csproj", "{3EBC5184-C047-4A54-BB9F-A1A4EBA77406}"
EndProject
Global
	GlobalSection(SolutionConfigurationPlatforms) = preSolution
		Debug|Any CPU = Debug|Any CPU
		Debug|iPhone = Debug|iPhone
		Debug|iPhoneSimulator = Debug|iPhoneSimulator
		Release|Any CPU = Release|Any CPU
		Release|iPhone = Release|iPhone
		Release|iPhoneSimulator = Release|iPhoneSimulator
	EndGlobalSection
	GlobalSection(ProjectConfigurationPlatforms) = postSolution
		{1C67390A-D839-439B-A09B-CD117D98AA24}.Debug|Any CPU.ActiveCfg = Debug|Any CPU
		{1C67390A-D839-439B-A09B-CD117D98AA24}.Debug|Any CPU.Build.0 = Debug|Any CPU
		{1C67390A-D839-439B-A09B-CD117D98AA24}.Debug|Any CPU.Deploy.0 = Debug|Any CPU
		{1C67390A-D839-439B-A09B-CD117D98AA24}.Debug|iPhone.ActiveCfg = Debug|Any CPU
		{1C67390A-D839-439B-A09B-CD117D98AA24}.Debug|iPhone.Build.0 = Debug|Any CPU
		{1C67390A-D839-439B-A09B-CD117D98AA24}.Debug|iPhone.Deploy.0 = Debug|Any CPU
		{1C67390A-D839-439B-A09B-CD117D98AA24}.Debug|iPhoneSimulator.ActiveCfg = Debug|Any CPU
		{1C67390A-D839-439B-A09B-CD117D98AA24}.Debug|iPhoneSimulator.Build.0 = Debug|Any CPU
		{1C67390A-D839-439B-A09B-CD117D98AA24}.Debug|iPhoneSimulator.Deploy.0 = Debug|Any CPU
		{1C67390A-D839-439B-A09B-CD117D98AA24}.Release|Any CPU.ActiveCfg = Release|Any CPU
		{1C67390A-D839-439B-A09B-CD117D98AA24}.Release|Any CPU.Build.0 = Release|Any CPU
		{1C67390A-D839-439B-A09B-CD117D98AA24}.Release|Any CPU.Deploy.0 = Release|Any CPU
		{1C67390A-D839-439B-A09B-CD117D98AA24}.Release|iPhone.ActiveCfg = Release|Any CPU
		{1C67390A-D839-439B-A09B-CD117D98AA24}.Release|iPhone.Build.0 = Release|Any CPU
		{1C67390A-D839-439B-A09B-CD117D98AA24}.Release|iPhone.Deploy.0 = Release|Any CPU
		{1C67390A-D839-439B-A09B-CD117D98AA24}.Release|iPhoneSimulator.ActiveCfg = Release|Any CPU
		{1C67390A-D839-439B-A09B-CD117D98AA24}.Release|iPhoneSimulator.Build.0 = Release|Any CPU
		{1C67390A-D839-439B-A09B-CD117D98AA24}.Release|iPhoneSimulator.Deploy.0 = Release|Any CPU
		{140AF650-81B1-48A1-86B6-98CDBFF073A8}.Debug|Any CPU.ActiveCfg = Debug|iPhoneSimulator
		{140AF650-81B1-48A1-86B6-98CDBFF073A8}.Debug|Any CPU.Build.0 = Debug|iPhoneSimulator
		{140AF650-81B1-48A1-86B6-98CDBFF073A8}.Debug|Any CPU.Deploy.0 = Debug|iPhoneSimulator
		{140AF650-81B1-48A1-86B6-98CDBFF073A8}.Debug|iPhone.ActiveCfg = Debug|iPhone
		{140AF650-81B1-48A1-86B6-98CDBFF073A8}.Debug|iPhone.Build.0 = Debug|iPhone
		{140AF650-81B1-48A1-86B6-98CDBFF073A8}.Debug|iPhone.Deploy.0 = Debug|iPhone
		{140AF650-81B1-48A1-86B6-98CDBFF073A8}.Debug|iPhoneSimulator.ActiveCfg = Debug|iPhoneSimulator
		{140AF650-81B1-48A1-86B6-98CDBFF073A8}.Debug|iPhoneSimulator.Build.0 = Debug|iPhoneSimulator
		{140AF650-81B1-48A1-86B6-98CDBFF073A8}.Debug|iPhoneSimulator.Deploy.0 = Debug|iPhoneSimulator
		{140AF650-81B1-48A1-86B6-98CDBFF073A8}.Release|Any CPU.ActiveCfg = Release|iPhone
		{140AF650-81B1-48A1-86B6-98CDBFF073A8}.Release|Any CPU.Build.0 = Release|iPhone
		{140AF650-81B1-48A1-86B6-98CDBFF073A8}.Release|Any CPU.Deploy.0 = Release|iPhone
		{140AF650-81B1-48A1-86B6-98CDBFF073A8}.Release|iPhone.ActiveCfg = Release|iPhone
		{140AF650-81B1-48A1-86B6-98CDBFF073A8}.Release|iPhone.Build.0 = Release|iPhone
		{140AF650-81B1-48A1-86B6-98CDBFF073A8}.Release|iPhone.Deploy.0 = Release|iPhone
		{140AF650-81B1-48A1-86B6-98CDBFF073A8}.Release|iPhoneSimulator.ActiveCfg = Release|iPhoneSimulator
		{140AF650-81B1-48A1-86B6-98CDBFF073A8}.Release|iPhoneSimulator.Build.0 = Release|iPhoneSimulator
		{140AF650-81B1-48A1-86B6-98CDBFF073A8}.Release|iPhoneSimulator.Deploy.0 = Release|iPhoneSimulator
		{3EBC5184-C047-4A54-BB9F-A1A4EBA77406}.Debug|Any CPU.ActiveCfg = Debug|Any CPU
		{3EBC5184-C047-4A54-BB9F-A1A4EBA77406}.Debug|Any CPU.Build.0 = Debug|Any CPU
		{3EBC5184-C047-4A54-BB9F-A1A4EBA77406}.Debug|Any CPU.Deploy.0 = Debug|Any CPU
		{3EBC5184-C047-4A54-BB9F-A1A4EBA77406}.Debug|iPhone.ActiveCfg = Debug|Any CPU
		{3EBC5184-C047-4A54-BB9F-A1A4EBA77406}.Debug|iPhone.Build.0 = Debug|Any CPU
		{3EBC5184-C047-4A54-BB9F-A1A4EBA77406}.Debug|iPhone.Deploy.0 = Debug|Any CPU
		{3EBC5184-C047-4A54-BB9F-A1A4EBA77406}.Debug|iPhoneSimulator.ActiveCfg = Debug|Any CPU
		{3EBC5184-C047-4A54-BB9F-A1A4EBA77406}.Debug|iPhoneSimulator.Build.0 = Debug|Any CPU
		{3EBC5184-C047-4A54-BB9F-A1A4EBA77406}.Debug|iPhoneSimulator.Deploy.0 = Debug|Any CPU
		{3EBC5184-C047-4A54-BB9F-A1A4EBA77406}.Release|Any CPU.ActiveCfg = Release|Any CPU
		{3EBC5184-C047-4A54-BB9F-A1A4EBA77406}.Release|Any CPU.Build.0 = Release|Any CPU
		{3EBC5184-C047-4A54-BB9F-A1A4EBA77406}.Release|Any CPU.Deploy.0 = Release|Any CPU
		{3EBC5184-C047-4A54-BB9F-A1A4EBA77406}.Release|iPhone.ActiveCfg = Release|Any CPU
		{3EBC5184-C047-4A54-BB9F-A1A4EBA77406}.Release|iPhone.Build.0 = Release|Any CPU
		{3EBC5184-C047-4A54-BB9F-A1A4EBA77406}.Release|iPhone.Deploy.0 = Release|Any CPU
		{3EBC5184-C047-4A54-BB9F-A1A4EBA77406}.Release|iPhoneSimulator.ActiveCfg = Release|Any CPU
		{3EBC5184-C047-4A54-BB9F-A1A4EBA77406}.Release|iPhoneSimulator.Build.0 = Release|Any CPU
		{3EBC5184-C047-4A54-BB9F-A1A4EBA77406}.Release|iPhoneSimulator.Deploy.0 = Release|Any CPU
	EndGlobalSection
	GlobalSection(SolutionProperties) = preSolution
		HideSolutionNode = FALSE
	EndGlobalSection
	GlobalSection(ExtensibilityGlobals) = postSolution
		SolutionGuid = {3AD55045-7DC4-456F-BF83-1BDEB9E9146F}
	EndGlobalSection
EndGlobal
